
Microsoft Visual Studio Solution File, Format Version 12.00
# Visual Studio 15
VisualStudioVersion = 15.0.27130.2010
MinimumVisualStudioVersion = 10.0.40219.1
Project("{FAE04EC0-301F-11D3-BF4B-00C04F79EFBC}") = "Yinyue200.Threading.UI", "ThreadHelper\Yinyue200.Threading.UI.csproj", "{8AEBFE2C-DBE9-4C19-B836-17A7B08587D9}"
EndProject
Global
	GlobalSection(SolutionConfigurationPlatforms) = preSolution
		Debug|Any CPU = Debug|Any CPU
		Release|Any CPU = Release|Any CPU
	EndGlobalSection
	GlobalSection(ProjectConfigurationPlatforms) = postSolution
		{8AEBFE2C-DBE9-4C19-B836-17A7B08587D9}.Debug|Any CPU.ActiveCfg = Debug|Any CPU
		{8AEBFE2C-DBE9-4C19-B836-17A7B08587D9}.Debug|Any CPU.Build.0 = Debug|Any CPU
		{8AEBFE2C-DBE9-4C19-B836-17A7B08587D9}.Release|Any CPU.ActiveCfg = Release|Any CPU
		{8AEBFE2C-DBE9-4C19-B836-17A7B08587D9}.Release|Any CPU.Build.0 = Release|Any CPU
	EndGlobalSection
	GlobalSection(SolutionProperties) = preSolution
		HideSolutionNode = FALSE
	EndGlobalSection
	GlobalSection(ExtensibilityGlobals) = postSolution
		SolutionGuid = {C867C467-4843-437B-980E-9E59300FB64E}
	EndGlobalSection
EndGlobal
